
Microsoft Visual Studio Solution File, Format Version 12.00
# Visual Studio 2013
VisualStudioVersion = 12.0.40629.0
MinimumVisualStudioVersion = 10.0.40219.1
Project("{FAE04EC0-301F-11D3-BF4B-00C04F79EFBC}") = "S22.Mail", "S22.Mail.csproj", "{CA72A1AA-6F1A-4D5F-B98B-FD73F5407563}"
EndProject
Project("{2150E333-8FDC-42A3-9474-1A3956D46DE8}") = ".nuget", ".nuget", "{E4136362-595A-4ED0-BB5D-0F1C505A6F0E}"
	ProjectSection(SolutionItems) = preProject
		.nuget\NuGet.Config = .nuget\NuGet.Config
		.nuget\NuGet.exe = .nuget\NuGet.exe
		.nuget\NuGet.targets = .nuget\NuGet.targets
	EndProjectSection
EndProject
Global
	GlobalSection(SolutionConfigurationPlatforms) = preSolution
		Debug|Any CPU = Debug|Any CPU
		Release|Any CPU = Release|Any CPU
	EndGlobalSection
	GlobalSection(ProjectConfigurationPlatforms) = postSolution
		{CA72A1AA-6F1A-4D5F-B98B-FD73F5407563}.Debug|Any CPU.ActiveCfg = Debug|Any CPU
		{CA72A1AA-6F1A-4D5F-B98B-FD73F5407563}.Debug|Any CPU.Build.0 = Debug|Any CPU
		{CA72A1AA-6F1A-4D5F-B98B-FD73F5407563}.Release|Any CPU.ActiveCfg = Release|Any CPU
		{CA72A1AA-6F1A-4D5F-B98B-FD73F5407563}.Release|Any CPU.Build.0 = Release|Any CPU
	EndGlobalSection
	GlobalSection(SolutionProperties) = preSolution
		HideSolutionNode = FALSE
	EndGlobalSection
EndGlobal
